
Microsoft Visual Studio Solution File, Format Version 12.00
# Visual Studio Version 17
VisualStudioVersion = 17.7.34009.444
MinimumVisualStudioVersion = 10.0.40219.1
Project("{9A19103F-16F7-4668-BE54-9A1E7A4F7556}") = "Vertical.Slice.Playground.Apis", "Vertical.Slice.Playground.Apis\Vertical.Slice.Playground.Apis.csproj", "{0A082952-6083-46CF-AEFB-5F6510D53FF3}"
EndProject
Global
	GlobalSection(SolutionConfigurationPlatforms) = preSolution
		Debug|Any CPU = Debug|Any CPU
		Release|Any CPU = Release|Any CPU
	EndGlobalSection
	GlobalSection(ProjectConfigurationPlatforms) = postSolution
		{0A082952-6083-46CF-AEFB-5F6510D53FF3}.Debug|Any CPU.ActiveCfg = Debug|Any CPU
		{0A082952-6083-46CF-AEFB-5F6510D53FF3}.Debug|Any CPU.Build.0 = Debug|Any CPU
		{0A082952-6083-46CF-AEFB-5F6510D53FF3}.Release|Any CPU.ActiveCfg = Release|Any CPU
		{0A082952-6083-46CF-AEFB-5F6510D53FF3}.Release|Any CPU.Build.0 = Release|Any CPU
	EndGlobalSection
	GlobalSection(SolutionProperties) = preSolution
		HideSolutionNode = FALSE
	EndGlobalSection
	GlobalSection(ExtensibilityGlobals) = postSolution
		SolutionGuid = {4F261C1A-6E1D-40EA-B00F-0AC177D885E2}
	EndGlobalSection
EndGlobal
